lockfileVersion: '9.0'

settings:
  autoInstallPeers: true
  excludeLinksFromLockfile: false

importers:

  .:
    dependencies:
      axios:
        specifier: ^1.14.0
        version: 1.14.0
      email-forward-parser:
        specifier: github:dspangenberg/email-forward-parser#95616654c0557e93b29897d640775332ef8868e8
        version: https://codeload.github.com/dspangenberg/email-forward-parser/tar.gz/95616654c0557e93b29897d640775332ef8868e8
      email-reply-parser:
        specifier: github:dspangenberg/email-reply-parser#da7cd3ebc7c9ec4f29d19b2ed0d4aa18efb5b5a4
        version: https://codeload.github.com/dspangenberg/email-reply-parser/tar.gz/da7cd3ebc7c9ec4f29d19b2ed0d4aa18efb5b5a4(re2@1.24.0)
      haraka-dsn:
        specifier: ^1.1.0
        version: 1.1.0
      mailparser:
        specifier: ^3.9.6
        version: 3.9.6
      prettier:
        specifier: ^3.8.1
        version: 3.8.1
      re2:
        specifier: 1.24.0
        version: 1.24.0
      safe-stringify:
        specifier: ^1.3.0
        version: 1.3.0
    devDependencies:
      '@eslint/eslintrc':
        specifier: ^3.3.5
        version: 3.3.5
      '@eslint/js':
        specifier: ^10.0.1
        version: 10.0.1
      '@haraka/eslint-config':
        specifier: ^2.0.2
        version: 2.0.4(@eslint/eslintrc@3.3.5)(@eslint/js@10.0.1)
      globals:
        specifier: ^17.4.0
        version: 17.4.0
      haraka-test-fixtures:
        specifier: ^1.3.10
        version: 1.4.1
      smtp-client:
        specifier: ^0.4.0
        version: 0.4.0

packages:

  '@eslint/eslintrc@3.3.5':
    resolution: {integrity: sha512-4IlJx0X0qftVsN5E+/vGujTRIFtwuLbNsVUe7TO6zYPDR1O6nFwvwhIKEKSrl6dZchmYBITazxKoUYOjdtjlRg==}
    engines: {node: ^18.18.0 || ^20.9.0 || >=21.1.0}

  '@eslint/js@10.0.1':
    resolution: {integrity: sha512-zeR9k5pd4gxjZ0abRoIaxdc7I3nDktoXZk2qOv9gCNWx3mVwEn32VRhyLaRsDiJjTs0xq/T8mfPtyuXu7GWBcA==}
    engines: {node: ^20.19.0 || ^22.13.0 || >=24}
    peerDependencies:
      eslint: ^10.0.0
    peerDependenciesMeta:
      eslint:
        optional: true

  '@gar/promise-retry@1.0.3':
    resolution: {integrity: sha512-GmzA9ckNokPypTg10pgpeHNQe7ph+iIKKmhKu3Ob9ANkswreCx7R3cKmY781K8QK3AqVL3xVh9A42JvIAbkkSA==}
    engines: {node: ^20.17.0 || >=22.9.0}

  '@haraka/eslint-config@2.0.4':
    resolution: {integrity: sha512-Z9Nf7IljN8na+qRcEtvyuIjHcQjxWxGieb1BRU9lOqMjLQfziKToZupBFByUc8ZMxDjqcYrwBeSZT/I5RMgrgw==}
    peerDependencies:
      '@eslint/eslintrc': ^3.3.5
      '@eslint/js': ^9.39.4
      eslint: ^9.39.4

  '@isaacs/fs-minipass@4.0.1':
    resolution: {integrity: sha512-wgm9Ehl2jpeqP3zw/7mo3kRHFp5MEDhqAdwy1fTGkHAwnkGOVsgpvQhL8B5n1qlb01jV3n/bI0ZfZp5lWA1k4w==}
    engines: {node: '>=18.0.0'}

  '@npmcli/agent@4.0.0':
    resolution: {integrity: sha512-kAQTcEN9E8ERLVg5AsGwLNoFb+oEG6engbqAU2P43gD4JEIkNGMHdVQ096FsOAAYpZPB0RSt0zgInKIAS1l5QA==}
    engines: {node: ^20.17.0 || >=22.9.0}

  '@npmcli/fs@5.0.0':
    resolution: {integrity: sha512-7OsC1gNORBEawOa5+j2pXN9vsicaIOH5cPXxoR6fJOmH6/EXpJB2CajXOu1fPRFun2m1lktEFX11+P89hqO/og==}
    engines: {node: ^20.17.0 || >=22.9.0}

  '@npmcli/redact@4.0.0':
    resolution: {integrity: sha512-gOBg5YHMfZy+TfHArfVogwgfBeQnKbbGo3pSUyK/gSI0AVu+pEiDVcKlQb0D8Mg1LNRZILZ6XG8I5dJ4KuAd9Q==}
    engines: {node: ^20.17.0 || >=22.9.0}

  '@redis/bloom@5.11.0':
    resolution: {integrity: sha512-KYiVilAhAFN3057afUb/tfYJpsEyTkQB+tQcn5gVVA7DgcNOAj8lLxe4j8ov8BF6I9C1Fe/kwlbuAICcTMX8Lw==}
    engines: {node: '>= 18'}
    peerDependencies:
      '@redis/client': ^5.11.0

  '@redis/client@5.11.0':
    resolution: {integrity: sha512-GHoprlNQD51Xq2Ztd94HHV94MdFZQ3CVrpA04Fz8MVoHM0B7SlbmPEVIjwTbcv58z8QyjnrOuikS0rWF03k5dQ==}
    engines: {node: '>= 18'}
    peerDependencies:
      '@node-rs/xxhash': ^1.1.0
    peerDependenciesMeta:
      '@node-rs/xxhash':
        optional: true

  '@redis/json@5.11.0':
    resolution: {integrity: sha512-1iAy9kAtcD0quB21RbPTbUqqy+T2Uu2JxucwE+B4A+VaDbIRvpZR6DMqV8Iqaws2YxJYB3GC5JVNzPYio2ErUg==}
    engines: {node: '>= 18'}
    peerDependencies:
      '@redis/client': ^5.11.0

  '@redis/search@5.11.0':
    resolution: {integrity: sha512-g1l7f3Rnyk/xI99oGHIgWHSKFl45Re5YTIcO8j/JE8olz389yUFyz2+A6nqVy/Zi031VgPDWscbbgOk8hlhZ3g==}
    engines: {node: '>= 18'}
    peerDependencies:
      '@redis/client': ^5.11.0

  '@redis/time-series@5.11.0':
    resolution: {integrity: sha512-TWFeOcU4xkj0DkndnOyhtxvX1KWD+78UHT3XX3x3XRBUGWeQrKo3jqzDsZwxbggUgf9yLJr/akFHXru66X5UQA==}
    engines: {node: '>= 18'}
    peerDependencies:
      '@redis/client': ^5.11.0

  '@selderee/plugin-htmlparser2@0.11.0':
    resolution: {integrity: sha512-P33hHGdldxGabLFjPPpaTxVolMrzrcegejx+0GxjrIb9Zv48D8yAIA/QTDR2dFl7Uz7urX8aX6+5bCZslr+gWQ==}

  '@zone-eu/mailsplit@5.4.8':
    resolution: {integrity: sha512-eEyACj4JZ7sjzRvy26QhLgKEMWwQbsw1+QZnlLX+/gihcNH07lVPOcnwf5U6UAL7gkc//J3jVd76o/WS+taUiA==}

  abbrev@4.0.0:
    resolution: {integrity: sha512-a1wflyaL0tHtJSmLSOVybYhy22vRih4eduhhrkcjgrWGnRfrZtovJ2FRjxuTtkkj47O/baf0R86QU5OuYpz8fA==}
    engines: {node: ^20.17.0 || >=22.9.0}

  acorn-jsx@5.3.2:
    resolution: {integrity: sha512-rq9s+JNhf0IChjtDXxllJ7g41oZk5SlXtp0LHwyA5cejwn7vKmKp4pPri6YEePv2PU65sAsegbXtIinmDFDXgQ==}
    peerDependencies:
      acorn: ^6.0.0 || ^7.0.0 || ^8.0.0

  acorn@8.16.0:
    resolution: {integrity: sha512-UVJyE9MttOsBQIDKw1skb9nAwQuR5wuGD3+82K6JgJlm/Y+KI92oNsMNGZCYdDsVtRHSak0pcV5Dno5+4jh9sw==}
    engines: {node: '>=0.4.0'}
    hasBin: true

  address-rfc2821@2.1.5:
    resolution: {integrity: sha512-0IRfi2t1GJ0lzzfPsBrLRm/HUH25O+6QEQr2ELZEziXVeaxrMml8frlZQvGnen8YM1Zx52Tb/RSUWsBeUk869w==}
    engines: {node: '>= 20.20.0'}

  agent-base@7.1.4:
    resolution: {integrity: sha512-MnA+YT8fwfJPgBx3m60MNqakm30XOkyIoH1y6huTQvC0PwZG7ki8NacLBcrPbNoo8vEZy7Jpuk7+jMO+CUovTQ==}
    engines: {node: '>= 14'}

  ajv@6.14.0:
    resolution: {integrity: sha512-IWrosm/yrn43eiKqkfkHis7QioDleaXQHdDVPKg0FSwwd/DuvyX79TZnFOnYpB7dcsFAMmtFztZuXPDvSePkFw==}

  argparse@2.0.1:
    resolution: {integrity: sha512-8+9WqebbFzpX9OR+Wa6O29asIogeRMzcGtAINdpMHHyAg10f05aSFVBbcEqGf/PXw1EjAZ+q2/bEBg3DvurK3Q==}

  asynckit@0.4.0:
    resolution: {integrity: sha512-Oei9OH4tRh0YqU3GxhX79dM/mwVgvbZJaSNaRk+bshkj0S5cfHcgYakreBjrHwatXKbz+IoIdYLxrKim2MjW0Q==}

  axios@1.14.0:
    resolution: {integrity: sha512-3Y8yrqLSwjuzpXuZ0oIYZ/XGgLwUIBU3uLvbcpb0pidD9ctpShJd43KSlEEkVQg6DS0G9NKyzOvBfUtDKEyHvQ==}

  balanced-match@1.0.2:
    resolution: {integrity: sha512-3oSeUO0TMV67hN1AmbXsK4yaqU7tjiHlbxRDZOpH0KW9+CeX4bRAaX0Anxt0tx2MrpRpWwQaPwIlISEJhYU5Pw==}

  balanced-match@4.0.4:
    resolution: {integrity: sha512-BLrgEcRTwX2o6gGxGOCNyMvGSp35YofuYzw9h1IMTRmKqttAZZVU67bdb9Pr2vUHA8+j3i2tJfjO6C6+4myGTA==}
    engines: {node: 18 || 20 || >=22}

  brace-expansion@1.1.13:
    resolution: {integrity: sha512-9ZLprWS6EENmhEOpjCYW2c8VkmOvckIJZfkr7rBW6dObmfgJ/L1GpSYW5Hpo9lDz4D1+n0Ckz8rU7FwHDQiG/w==}

  brace-expansion@5.0.5:
    resolution: {integrity: sha512-VZznLgtwhn+Mact9tfiwx64fA9erHH/MCXEUfB/0bX/6Fz6ny5EGTXYltMocqg4xFAQZtnO3DHWWXi8RiuN7cQ==}
    engines: {node: 18 || 20 || >=22}

  cacache@20.0.4:
    resolution: {integrity: sha512-M3Lab8NPYlZU2exsL3bMVvMrMqgwCnMWfdZbK28bn3pK6APT/Te/I8hjRPNu1uwORY9a1eEQoifXbKPQMfMTOA==}
    engines: {node: ^20.17.0 || >=22.9.0}

  call-bind-apply-helpers@1.0.2:
    resolution: {integrity: sha512-Sp1ablJ0ivDkSzjcaJdxEunN5/XvksFJ2sMBFfq6x0ryhQV/2b/KwFe21cMpmHtPOSij8K99/wSfoEuTObmuMQ==}
    engines: {node: '>= 0.4'}

  callsites@3.1.0:
    resolution: {integrity: sha512-P8BjAsXvZS+VIDUI11hHCQEv74YT67YUi5JJFNWIqL235sBmjX4+qx9Muvls5ivyNENctx46xQLQ3aTuE7ssaQ==}
    engines: {node: '>=6'}

  chownr@3.0.0:
    resolution: {integrity: sha512-+IxzY9BZOQd/XuYPRmrvEVjF/nqj5kgT4kEq7VofrDoM1MxoRjEWkrCC3EtLi59TVawxTAn+orJwFQcrqEN1+g==}
    engines: {node: '>=18'}

  cluster-key-slot@1.1.2:
    resolution: {integrity: sha512-RMr0FhtfXemyinomL4hrWcYJxmX6deFdCxpJzhDttxgO1+bcCnkk+9drydLVDmAMG7NE6aN/fl4F7ucU/90gAA==}
    engines: {node: '>=0.10.0'}

  combined-stream@1.0.8:
    resolution: {integrity: sha512-FQN4MRfuJeHf7cBbBMJFXhKSDq+2kAArBlmRBvcvFE5BB1HZKXtSFASDhdlz9zOYwxh8lDdnvmMOe/+5cdoEdg==}
    engines: {node: '>= 0.8'}

  commander@2.20.3:
    resolution: {integrity: sha512-GpVkmM8vF2vQUkj2LvZmD35JxeJOLCwJ9cUkugyk2nuhbv3+mJvpLYYt+0+USMxE+oj+ey/lJEnhZw75x/OMcQ==}

  concat-map@0.0.1:
    resolution: {integrity: sha512-/Srv4dswyQNBfohGpz9o6Yb3Gz3SrUDqBH5rTuhGR7ahtlbYKnVxw2bCFMRljaA7EXHaXZ8wsHdodFvbkhKmqg==}

  debug@4.4.3:
    resolution: {integrity: sha512-RGwwWnwQvkVfavKVt22FGLw+xYSdzARwm0ru6DhTVA3umU5hZc28V3kO4stgYryrTlLpuvgI9GiijltAjNbcqA==}
    engines: {node: '>=6.0'}
    peerDependencies:
      supports-color: '*'
    peerDependenciesMeta:
      supports-color:
        optional: true

  deepmerge@4.3.1:
    resolution: {integrity: sha512-3sUqbMEc77XqpdNO7FRyRog+eW3ph+GYCbj+rK+uYyRMuwsVy0rMiVtPn+QJlKFvWP/1PYpapqYn0Me2knFn+A==}
    engines: {node: '>=0.10.0'}

  delayed-stream@1.0.0:
    resolution: {integrity: sha512-ZySD7Nf91aLB0RxL4KGrKHBXl7Eds1DAmEdcoVawXnLD7SDhpNgtuII2aAkg7a7QS41jxPSZ17p4VdGnMHk3MQ==}
    engines: {node: '>=0.4.0'}

  discontinuous-range@1.0.0:
    resolution: {integrity: sha512-c68LpLbO+7kP/b1Hr1qs8/BJ09F5khZGTxqxZuhzxpmwJKOgRFHJWIb9/KmqnqHhLdO55aOxFH/EGBvUQbL/RQ==}

  dom-serializer@2.0.0:
    resolution: {integrity: sha512-wIkAryiqt/nV5EQKqQpo3SToSOV9J0DnbJqwK7Wv/Trc92zIAYZ4FlMu+JPFW1DfGFt81ZTCGgDEabffXeLyJg==}

  domelementtype@2.3.0:
    resolution: {integrity: sha512-OLETBj6w0OsagBwdXnPdN0cnMfF9opN69co+7ZrbfPGrdpPVNBUj02spi6B1N7wChLQiPn4CSH/zJvXw56gmHw==}

  domhandler@5.0.3:
    resolution: {integrity: sha512-cgwlv/1iFQiFnU96XXgROh8xTeetsnJiDsTc7TYCLFd9+/WNkIqPTxiM/8pSd8VIrhXGTf1Ny1q1hquVqDJB5w==}
    engines: {node: '>= 4'}

  domutils@3.2.2:
    resolution: {integrity: sha512-6kZKyUajlDuqlHKVX1w7gyslj9MPIXzIFiz/rGu35uC1wMi+kMhQwGhl4lt9unC9Vb9INnY9Z3/ZA3+FhASLaw==}

  dunder-proto@1.0.1:
    resolution: {integrity: sha512-KIN/nDJBQRcXw0MLVhZE9iQHmG68qAVIBg9CqmUYjmQIhgij9U5MFvrqkUL5FbtyyzZuOeOt0zdeRe4UY7ct+A==}
    engines: {node: '>= 0.4'}

  email-forward-parser@https://codeload.github.com/dspangenberg/email-forward-parser/tar.gz/95616654c0557e93b29897d640775332ef8868e8:
    resolution: {tarball: https://codeload.github.com/dspangenberg/email-forward-parser/tar.gz/95616654c0557e93b29897d640775332ef8868e8}
    version: 1.7.2
    engines: {node: '>=14.18.0'}

  email-reply-parser@https://codeload.github.com/dspangenberg/email-reply-parser/tar.gz/da7cd3ebc7c9ec4f29d19b2ed0d4aa18efb5b5a4:
    resolution: {tarball: https://codeload.github.com/dspangenberg/email-reply-parser/tar.gz/da7cd3ebc7c9ec4f29d19b2ed0d4aa18efb5b5a4}
    version: 2.3.5
    engines: {node: '>= 20.0.0'}
    peerDependencies:
      re2: 1.22.3
    peerDependenciesMeta:
      re2:
        optional: true

  encoding-japanese@2.2.0:
    resolution: {integrity: sha512-EuJWwlHPZ1LbADuKTClvHtwbaFn4rOD+dRAbWysqEOXRc2Uui0hJInNJrsdH0c+OhJA4nrCBdSkW4DD5YxAo6A==}
    engines: {node: '>=8.10.0'}

  entities@4.5.0:
    resolution: {integrity: sha512-V0hjH4dGPh9Ao5p0MoRY6BVqtwCjhz6vI5LT8AJ55H+4g9/4vbHx1I54fS0XuclLhDHArPQCiMjDxjaL8fPxhw==}
    engines: {node: '>=0.12'}

  env-paths@2.2.1:
    resolution: {integrity: sha512-+h1lkLKhZMTYjog1VEpJNG7NZJWcuc2DDk/qsqSTRRCOXiLjeQ1d1/udrUGhqMxUgAlwKNZ0cf2uqan5GLuS2A==}
    engines: {node: '>=6'}

  es-define-property@1.0.1:
    resolution: {integrity: sha512-e3nRfgfUZ4rNGL232gUgX06QNyyez04KdjFrF+LTRoOXmrOgFKDg4BCdsjW8EnT69eqdYGmRpJwiPVYNrCaW3g==}
    engines: {node: '>= 0.4'}

  es-errors@1.3.0:
    resolution: {integrity: sha512-Zf5H2Kxt2xjTvbJvP2ZWLEICxA6j+hAmMzIlypy4xcBg1vKVnx89Wy0GbS+kf5cwCVFFzdCFh2XSCFNULS6csw==}
    engines: {node: '>= 0.4'}

  es-object-atoms@1.1.1:
    resolution: {integrity: sha512-FGgH2h8zKNim9ljj7dankFPcICIK9Cp5bm+c2gQSYePhpaG5+esrLODihIorn+Pe6FGJzWhXQotPv73jTaldXA==}
    engines: {node: '>= 0.4'}

  es-set-tostringtag@2.1.0:
    resolution: {integrity: sha512-j6vWzfrGVfyXxge+O0x5sh6cvxAog0a/4Rdd2K36zCMV5eJ+/+tOAngRO8cODMNWbVRdVlmGZQL2YS3yR8bIUA==}
    engines: {node: '>= 0.4'}

  eslint-visitor-keys@4.2.1:
    resolution: {integrity: sha512-Uhdk5sfqcee/9H/rCOJikYz67o0a2Tw2hGRPOG2Y1R2dg7brRe1uG0yaNQDHu+TO/uQPF/5eCapvYSmHUjt7JQ==}
    engines: {node: ^18.18.0 || ^20.9.0 || >=21.1.0}

  espree@10.4.0:
    resolution: {integrity: sha512-j6PAQ2uUr79PZhBjP5C5fhl8e39FmRnOjsD5lGnWrFU8i2G776tBK7+nP8KuQUTTyAZUwfQqXAgrVH5MbH9CYQ==}
    engines: {node: ^18.18.0 || ^20.9.0 || >=21.1.0}

  exponential-backoff@3.1.3:
    resolution: {integrity: sha512-ZgEeZXj30q+I0EN+CbSSpIyPaJ5HVQD18Z1m+u1FXbAeT94mr1zw50q4q6jiiC447Nl/YTcIYSAftiGqetwXCA==}

  fast-deep-equal@3.1.3:
    resolution: {integrity: sha512-f3qQ9oQy9j2AhBe/H9VC91wLmKBCCU/gDOnKNAYG5hswO7BLKj09Hc5HYNz9cGI++xlpDCIgDaitVs03ATR84Q==}

  fast-json-stable-stringify@2.1.0:
    resolution: {integrity: sha512-lhd/wF+Lk98HZoTCtlVraHtfh5XYijIjalXck7saUtuanSDyLMxnHhSXEDJqHxD7msR8D0uCmqlkwjCV8xvwHw==}

  fdir@6.5.0:
    resolution: {integrity: sha512-tIbYtZbucOs0BRGqPJkshJUYdL+SDH7dVM8gjy+ERp3WAUjLEFJE+02kanyHtwjWOnwrKYBiwAmM0p4kLJAnXg==}
    engines: {node: '>=12.0.0'}
    peerDependencies:
      picomatch: ^3 || ^4
    peerDependenciesMeta:
      picomatch:
        optional: true

  follow-redirects@1.15.11:
    resolution: {integrity: sha512-deG2P0JfjrTxl50XGCDyfI97ZGVCxIpfKYmfyrQ54n5FO/0gfIES8C/Psl6kWVDolizcaaxZJnTS0QSMxvnsBQ==}
    engines: {node: '>=4.0'}
    peerDependencies:
      debug: '*'
    peerDependenciesMeta:
      debug:
        optional: true

  form-data@4.0.5:
    resolution: {integrity: sha512-8RipRLol37bNs2bhoV67fiTEvdTrbMUYcFTiy3+wuuOnUog2QBHCZWXDRijWQfAkhBj2Uf5UnVaiWwA5vdd82w==}
    engines: {node: '>= 6'}

  fs-minipass@3.0.3:
    resolution: {integrity: sha512-XUBA9XClHbnJWSfBzjkm6RvPsyg3sryZt06BEQoXcF7EK/xpGaQYJgQKDJSUH5SGZ76Y7pFx1QBnXz09rU5Fbw==}
    engines: {node: ^14.17.0 || ^16.13.0 || >=18.0.0}

  function-bind@1.1.2:
    resolution: {integrity: sha512-7XHNxH7qX9xG5mIwxkhumTox/MIRNcOgDrxWsMt2pAr23WHp6MrRlN7FBSFpCpr+oVO0F744iUgR82nJMfG2SA==}

  get-intrinsic@1.3.0:
    resolution: {integrity: sha512-9fSjSaos/fRIVIp+xSJlE6lfwhES7LNtKaCBIamHsjr2na1BiABJPo0mOjjz8GJDURarmCPGqaiVg5mfjb98CQ==}
    engines: {node: '>= 0.4'}

  get-proto@1.0.1:
    resolution: {integrity: sha512-sTSfBjoXBp89JvIKIefqw7U2CCebsc74kiY6awiGogKtoSGbgjYE/G/+l9sF3MWFPNc9IcoOC4ODfKHfxFmp0g==}
    engines: {node: '>= 0.4'}

  glob@13.0.6:
    resolution: {integrity: sha512-Wjlyrolmm8uDpm/ogGyXZXb1Z+Ca2B8NbJwqBVg0axK9GbBeoS7yGV6vjXnYdGm6X53iehEuxxbyiKp8QmN4Vw==}
    engines: {node: 18 || 20 || >=22}

  globals@14.0.0:
    resolution: {integrity: sha512-oahGvuMGQlPw/ivIYBjVSrWAfWLBeku5tpPE2fOPLi+WHffIWbuh2tCjhyQhTBPMf5E9jDEH4FOmTYgYwbKwtQ==}
    engines: {node: '>=18'}

  globals@17.4.0:
    resolution: {integrity: sha512-hjrNztw/VajQwOLsMNT1cbJiH2muO3OROCHnbehc8eY5JyD2gqz4AcMHPqgaOR59DjgUjYAYLeH699g/eWi2jw==}
    engines: {node: '>=18'}

  gopd@1.2.0:
    resolution: {integrity: sha512-ZUKRh6/kUFoAiTAtTYPZJ3hw9wNxx+BIBOijnlG9PnrJsCcSjs1wyyD6vJpaYtgnzDrKYRSqf3OO6Rfa93xsRg==}
    engines: {node: '>= 0.4'}

  graceful-fs@4.2.11:
    resolution: {integrity: sha512-RbJ5/jmFcNNCcDV5o9eTnBLJ/HszWV0P73bc+Ff4nS/rJj+YaS6IGyiOL0VoBYX+l1Wrl3k63h/KrH+nhJ0XvQ==}

  haraka-config@1.5.0:
    resolution: {integrity: sha512-950lXdVoPuZ7yVCs/Jigi+fkwCS00zLsVO6lwqc2eE9OD/bss+GSArCBJH50Uff+Rtk6Gt0rXklBDrzYzJRgUw==}
    engines: {node: '>=20'}

  haraka-constants@1.0.7:
    resolution: {integrity: sha512-r53mUbj/lBPmtpR1o7ZmoYVGDuDxrr65gE1rSKjzPcpx/5WQN+keqi1FtyZ23mir121WOG3Y/pX0Wmmmmgw+6A==}
    engines: {node: '>= 6'}

  haraka-dsn@1.1.0:
    resolution: {integrity: sha512-lo8qG+7gjcsfDgpd6/2VVfzAQbkbYlz1ApZCOTrPKygd8qxYxelWT/ZBVjddXwVeNNm0yzyua+vi5S5IiyEFFw==}
    engines: {node: '>= v14.0.0'}

  haraka-email-message@1.3.0:
    resolution: {integrity: sha512-kpWDFNogc+6gsyxaH2/j3VwvlrEwn/ikfOKSHQbDHMvnB70Pdq/AJXwbZQ1JQISWx25XJ2Kp9CVE/EjVyyP93A==}

  haraka-message-stream@1.3.3:
    resolution: {integrity: sha512-aBsCavBf+AK8ZgKwlV41lwwFzUpADF3fW7f3nfOHAgZi1HK9TFA1MkXSXA5naN07NF9YLWXXVKizPHDo6n2m3w==}

  haraka-notes@1.1.1:
    resolution: {integrity: sha512-2kJKY4DucguNMP0MfNTMCc1d9kYhHMZTRN3tuyHkZZv/6B0mxyEhnJxwtwCfiDtV9xS18wZierm24mzqh9Q2xA==}

  haraka-results@2.3.0:
    resolution: {integrity: sha512-CCZapOht3Z7Npw2qTT+4+W+N7JtxPyI/eJ5b9DvP5YAK/lEpVktBw4ojs9LWGD9+6fMzlGSBXhqcSUntpty4+g==}
    engines: {node: '>=18'}

  haraka-test-fixtures@1.4.1:
    resolution: {integrity: sha512-MIqljyPHXUMr5GiEkAlfWccnB5iPky1Pdb+409Q/cBWDcCefmQzjjBv+4dpQiMa+CQtEdDUC0Yt0YLOaNdZDxA==}
    engines: {node: '>=20'}

  haraka-utils@1.1.4:
    resolution: {integrity: sha512-bUggwf/biz9QCv+2l1Y0C1qLZfYuca51p6RAApk/qSY3dSAYr65B8VwPdI8Pq0Qpfk3heFGO0f6rBsyNERBjpQ==}

  has-symbols@1.1.0:
    resolution: {integrity: sha512-1cDNdwJ2Jaohmb3sg4OmKaMBwuC48sYni5HUw2DvsC8LjGTLK9h+eb1X6RyuOHe4hT0ULCW68iomhjUoKUqlPQ==}
    engines: {node: '>= 0.4'}

  has-tostringtag@1.0.2:
    resolution: {integrity: sha512-NqADB8VjPFLM2V0VvHUewwwsw0ZWBaIdgo+ieHtK3hasLz4qeCRjYcqfB6AQrBggRKppKF8L52/VqdVsO47Dlw==}
    engines: {node: '>= 0.4'}

  hasown@2.0.2:
    resolution: {integrity: sha512-0hJU9SCPvmMzIBdZFqNPXWa6dqh7WdH0cII9y+CyS8rG3nL48Bclra9HmKhVVUHyPWNH5Y7xDwAB7bfgSjkUMQ==}
    engines: {node: '>= 0.4'}

  he@1.2.0:
    resolution: {integrity: sha512-F/1DnUGPopORZi0ni+CvrCgHQ5FyEAHRLSApuYWMmrbSwoN2Mn/7k+Gl38gJnR7yyDZk6WLXwiGod1JOWNDKGw==}
    hasBin: true

  hjson@3.2.2:
    resolution: {integrity: sha512-MkUeB0cTIlppeSsndgESkfFD21T2nXPRaBStLtf3cAYA2bVEFdXlodZB0TukwZiobPD1Ksax5DK4RTZeaXCI3Q==}
    hasBin: true

  html-to-text@9.0.5:
    resolution: {integrity: sha512-qY60FjREgVZL03vJU6IfMV4GDjGBIoOyvuFdpBDIX9yTlDw0TjxVBQp+P8NvpdIXNJvfWBTNul7fsAQJq2FNpg==}
    engines: {node: '>=14'}

  htmlparser2@8.0.2:
    resolution: {integrity: sha512-GYdjWKDkbRLkZ5geuHs5NY1puJ+PXwP7+fHPRz06Eirsb9ugf6d8kkXav6ADhcODhFFPMIXyxkxSuMf3D6NCFA==}

  http-cache-semantics@4.2.0:
    resolution: {integrity: sha512-dTxcvPXqPvXBQpq5dUr6mEMJX4oIEFv6bwom3FDwKRDsuIjjJGANqhBuoAn9c1RQJIdAKav33ED65E2ys+87QQ==}

  http-proxy-agent@7.0.2:
    resolution: {integrity: sha512-T1gkAiYYDWYx3V5Bmyu7HcfcvL7mUrTWiM6yOfa3PIphViJ/gFPbvidQ+veqSOHci/PxBcDabeUNCzpOODJZig==}
    engines: {node: '>= 14'}

  https-proxy-agent@7.0.6:
    resolution: {integrity: sha512-vK9P5/iUfdl95AI+JVyUuIcVtd4ofvtrOr3HNtM2yxC9bnMbEdp3x01OhQNnjb8IJYi38VlTE3mBXwcfvywuSw==}
    engines: {node: '>= 14'}

  iconv-lite@0.6.3:
    resolution: {integrity: sha512-4fCk79wshMdzMp2rH06qWrJE4iolqLhCUH+OiuIgU++RB0+94NlDL81atO7GX55uUKueo0txHNtvEyI6D7WdMw==}
    engines: {node: '>=0.10.0'}

  iconv-lite@0.7.2:
    resolution: {integrity: sha512-im9DjEDQ55s9fL4EYzOAv0yMqmMBSZp6G0VvFyTMPKWxiSBHUj9NW/qqLmXUwXrrM7AvqSlTCfvqRb0cM8yYqw==}
    engines: {node: '>=0.10.0'}

  ignore@5.3.2:
    resolution: {integrity: sha512-hsBTNUqQTDwkWtcdYI2i06Y/nUBEsNEDJKjWdigLvegy8kDuJAS8uRlpkkcQpyEXL0Z/pjDy5HBmMjRCJ2gq+g==}
    engines: {node: '>= 4'}

  import-fresh@3.3.1:
    resolution: {integrity: sha512-TR3KfrTZTYLPB6jUjfx6MF9WcWrHL9su5TObK4ZkYgBdWKPOFoSoQIdEuTuR82pmtxH2spWG9h6etwfr1pLBqQ==}
    engines: {node: '>=6'}

  install-artifact-from-github@1.4.0:
    resolution: {integrity: sha512-+y6WywKZREw5rq7U2jvr2nmZpT7cbWbQQ0N/qfcseYnzHFz2cZz1Et52oY+XttYuYeTkI8Y+R2JNWj68MpQFSg==}
    hasBin: true

  ip-address@10.1.0:
    resolution: {integrity: sha512-XXADHxXmvT9+CRxhXg56LJovE+bmWnEWB78LB83VZTprKTmaC5QfruXocxzTZ2Kl0DNwKuBdlIhjL8LeY8Sf8Q==}
    engines: {node: '>= 12'}

  ipaddr.js@2.3.0:
    resolution: {integrity: sha512-Zv/pA+ciVFbCSBBjGfaKUya/CcGmUHzTydLMaTwrUUEM2DIEO3iZvueGxmacvmN50fGpGVKeTXpb2LcYQxeVdg==}
    engines: {node: '>= 10'}

  isexe@4.0.0:
    resolution: {integrity: sha512-FFUtZMpoZ8RqHS3XeXEmHWLA4thH+ZxCv2lOiPIn1Xc7CxrqhWzNSDzD+/chS/zbYezmiwWLdQC09JdQKmthOw==}
    engines: {node: '>=20'}

  js-yaml@4.1.1:
    resolution: {integrity: sha512-qQKT4zQxXl8lLwBtHMWwaTcGfFOZviOJet3Oy/xmGk2gZH677CJM9EvtfdSkgWcATZhj/55JZ0rmy3myCT5lsA==}
    hasBin: true

  json-schema-traverse@0.4.1:
    resolution: {integrity: sha512-xbbCH5dCYU5T8LcEhhuh7HJ88HXuW3qsI3Y0zOZFKfZEHcpWiHU/Jxzk629Brsab/mMiHQti9wMP+845RPe3Vg==}

  leac@0.6.0:
    resolution: {integrity: sha512-y+SqErxb8h7nE/fiEX07jsbuhrpO9lL8eca7/Y1nuWV2moNlXhyd59iDGcRf6moVyDMbmTNzL40SUyrFU/yDpg==}

  libbase64@1.3.0:
    resolution: {integrity: sha512-GgOXd0Eo6phYgh0DJtjQ2tO8dc0IVINtZJeARPeiIJqge+HdsWSuaDTe8ztQ7j/cONByDZ3zeB325AHiv5O0dg==}

  libmime@5.3.7:
    resolution: {integrity: sha512-FlDb3Wtha8P01kTL3P9M+ZDNDWPKPmKHWaU/cG/lg5pfuAwdflVpZE+wm9m7pKmC5ww6s+zTxBKS1p6yl3KpSw==}

  libqp@2.1.1:
    resolution: {integrity: sha512-0Wd+GPz1O134cP62YU2GTOPNA7Qgl09XwCqM5zpBv87ERCXdfDtyKXvV7c9U22yWJh44QZqBocFnXN11K96qow==}

  line-buffer@0.1.4:
    resolution: {integrity: sha512-JAklY0PFT9JTtIMS/tpTRwByIVUo8jJLT4mTK43gl9mUZRDxz1F9UsOWySLk80+Oxo9KpwEEuO/z/Nk5k2IC2w==}

  linkify-it@5.0.0:
    resolution: {integrity: sha512-5aHCbzQRADcdP+ATqnDuhhJ/MRIqDkZX5pyjFHRRysS8vZ5AbqGEoFIb6pYHPZ+L/OC2Lc+xT8uHVVR5CAK/wQ==}

  lru-cache@11.2.7:
    resolution: {integrity: sha512-aY/R+aEsRelme17KGQa/1ZSIpLpNYYrhcrepKTZgE+W3WM16YMCaPwOHLHsmopZHELU0Ojin1lPVxKR0MihncA==}
    engines: {node: 20 || >=22}

  mailparser@3.9.6:
    resolution: {integrity: sha512-EJYTDWMrOS1kddK1mTsRkrx2Ngh2nYsg54SRMWVVWGVEGbHH4tod8tqqU9hIRPgGQVboSjFubDn9cboSitbM3Q==}

  make-fetch-happen@15.0.5:
    resolution: {integrity: sha512-uCbIa8jWWmQZt4dSnEStkVC6gdakiinAm4PiGsywIkguF0eWMdcjDz0ECYhUolFU3pFLOev9VNPCEygydXnddg==}
    engines: {node: ^20.17.0 || >=22.9.0}

  math-intrinsics@1.1.0:
    resolution: {integrity: sha512-/IXtbwEk5HTPyEwyKX6hGkYXxM9nbj64B+ilVJnC/R6B0pH5G4V3b0pVbL7DBj4tkhBAppbQUlf6F6Xl9LHu1g==}
    engines: {node: '>= 0.4'}

  mime-db@1.52.0:
    resolution: {integrity: sha512-sPU4uV7dYlvtWJxwwxHD0PuihVNiE7TyAbQ5SWxDCB9mUYvOgroQOwYQQOKPJ8CIbE+1ETVlOoK1UC2nU3gYvg==}
    engines: {node: '>= 0.6'}

  mime-types@2.1.35:
    resolution: {integrity: sha512-ZDY+bPm5zTTF+YpCrAU9nK0UgICYPT0QtT1NZWFv4s++TNkcgVaT0g6+4R2uI4MjQjzysHB1zxuWL50hzaeXiw==}
    engines: {node: '>= 0.6'}

  minimatch@10.2.5:
    resolution: {integrity: sha512-MULkVLfKGYDFYejP07QOurDLLQpcjk7Fw+7jXS2R2czRQzR56yHRveU5NDJEOviH+hETZKSkIk5c+T23GjFUMg==}
    engines: {node: 18 || 20 || >=22}

  minimatch@3.1.5:
    resolution: {integrity: sha512-VgjWUsnnT6n+NUk6eZq77zeFdpW2LWDzP6zFGrCbHXiYNul5Dzqk2HHQ5uFH2DNW5Xbp8+jVzaeNt94ssEEl4w==}

  minipass-collect@2.0.1:
    resolution: {integrity: sha512-D7V8PO9oaz7PWGLbCACuI1qEOsq7UKfLotx/C0Aet43fCUB/wfQ7DYeq2oR/svFJGYDHPr38SHATeaj/ZoKHKw==}
    engines: {node: '>=16 || 14 >=14.17'}

  minipass-fetch@5.0.2:
    resolution: {integrity: sha512-2d0q2a8eCi2IRg/IGubCNRJoYbA1+YPXAzQVRFmB45gdGZafyivnZ5YSEfo3JikbjGxOdntGFvBQGqaSMXlAFQ==}
    engines: {node: ^20.17.0 || >=22.9.0}

  minipass-flush@1.0.7:
    resolution: {integrity: sha512-TbqTz9cUwWyHS2Dy89P3ocAGUGxKjjLuR9z8w4WUTGAVgEj17/4nhgo2Du56i0Fm3Pm30g4iA8Lcqctc76jCzA==}
    engines: {node: '>= 8'}

  minipass-pipeline@1.2.4:
    resolution: {integrity: sha512-xuIq7cIOt09RPRJ19gdi4b+RiNvDFYe5JH+ggNvBqGqpQXcru3PcRmOZuHBKWK1Txf9+cQ+HMVN4d6z46LZP7A==}
    engines: {node: '>=8'}

  minipass-sized@2.0.0:
    resolution: {integrity: sha512-zSsHhto5BcUVM2m1LurnXY6M//cGhVaegT71OfOXoprxT6o780GZd792ea6FfrQkuU4usHZIUczAQMRUE2plzA==}
    engines: {node: '>=8'}

  minipass@3.3.6:
    resolution: {integrity: sha512-DxiNidxSEK+tHG6zOIklvNOwm3hvCrbUrdtzY74U6HKTJxvIDfOUL5W5P2Ghd3DTkhhKPYGqeNUIh5qcM4YBfw==}
    engines: {node: '>=8'}

  minipass@7.1.3:
    resolution: {integrity: sha512-tEBHqDnIoM/1rXME1zgka9g6Q2lcoCkxHLuc7ODJ5BxbP5d4c2Z5cGgtXAku59200Cx7diuHTOYfSBD8n6mm8A==}
    engines: {node: '>=16 || 14 >=14.17'}

  minizlib@3.1.0:
    resolution: {integrity: sha512-KZxYo1BUkWD2TVFLr0MQoM8vUUigWD3LlD83a/75BqC+4qE0Hb1Vo5v1FgcfaNXvfXzr+5EhQ6ing/CaBijTlw==}
    engines: {node: '>= 18'}

  moo@0.5.3:
    resolution: {integrity: sha512-m2fmM2dDm7GZQsY7KK2cme8agi+AAljILjQnof7p1ZMDe6dQ4bdnSMx0cPppudoeNv5hEFQirN6u+O4fDE0IWA==}

  ms@2.1.3:
    resolution: {integrity: sha512-6FlzubTLZG3J2a/NVCAleEhjzq5oxgHyaCU9yYXvcLsvoVaHJq/s5xXI6/XXP6tz7R9xAOtHnSO/tXtF3WRTlA==}

  nan@2.26.2:
    resolution: {integrity: sha512-0tTvBTYkt3tdGw22nrAy50x7gpbGCCFH3AFcyS5WiUu7Eu4vWlri1woE6qHBSfy11vksDqkiwjOnlR7WV8G1Hw==}

  nearley@2.20.1:
    resolution: {integrity: sha512-+Mc8UaAebFzgV+KpI5n7DasuuQCHA89dmwm7JXw3TV43ukfNQ9DnBH3Mdb2g/I4Fdxc26pwimBWvjIw0UAILSQ==}
    hasBin: true

  negotiator@1.0.0:
    resolution: {integrity: sha512-8Ofs/AUQh8MaEcrlq5xOX0CQ9ypTF5dl78mjlMNfOK08fzpgTHQRQPBxcPlEtIw0yRpws+Zo/3r+5WRby7u3Gg==}
    engines: {node: '>= 0.6'}

  node-gyp@12.2.0:
    resolution: {integrity: sha512-q23WdzrQv48KozXlr0U1v9dwO/k59NHeSzn6loGcasyf0UnSrtzs8kRxM+mfwJSf0DkX0s43hcqgnSO4/VNthQ==}
    engines: {node: ^20.17.0 || >=22.9.0}
    hasBin: true

  nodemailer@8.0.4:
    resolution: {integrity: sha512-k+jf6N8PfQJ0Fe8ZhJlgqU5qJU44Lpvp2yvidH3vp1lPnVQMgi4yEEMPXg5eJS1gFIJTVq1NHBk7Ia9ARdSBdQ==}
    engines: {node: '>=6.0.0'}

  nopt@9.0.0:
    resolution: {integrity: sha512-Zhq3a+yFKrYwSBluL4H9XP3m3y5uvQkB/09CwDruCiRmR/UJYnn9W4R48ry0uGC70aeTPKLynBtscP9efFFcPw==}
    engines: {node: ^20.17.0 || >=22.9.0}
    hasBin: true

  p-map@7.0.4:
    resolution: {integrity: sha512-tkAQEw8ysMzmkhgw8k+1U/iPhWNhykKnSk4Rd5zLoPJCuJaGRPo6YposrZgaxHKzDHdDWWZvE/Sk7hsL2X/CpQ==}
    engines: {node: '>=18'}

  parent-module@1.0.1:
    resolution: {integrity: sha512-GQ2EWRpQV8/o+Aw8YqtfZZPfNRWZYkbidE9k5rpl/hC3vtHHBfGm2Ifi6qWV+coDGkrUKZAxE3Lot5kcsRlh+g==}
    engines: {node: '>=6'}

  parseley@0.12.1:
    resolution: {integrity: sha512-e6qHKe3a9HWr0oMRVDTRhKce+bRO8VGQR3NyVwcjwrbhMmFCX9KszEV35+rn4AdilFAq9VPxP/Fe1wC9Qjd2lw==}

  path-scurry@2.0.2:
    resolution: {integrity: sha512-3O/iVVsJAPsOnpwWIeD+d6z/7PmqApyQePUtCndjatj/9I5LylHvt5qluFaBT3I5h3r1ejfR056c+FCv+NnNXg==}
    engines: {node: 18 || 20 || >=22}

  peberminta@0.9.0:
    resolution: {integrity: sha512-XIxfHpEuSJbITd1H3EeQwpcZbTLHc+VVr8ANI9t5sit565tsI4/xK3KWTUFE2e6QiangUkh3B0jihzmGnNrRsQ==}

  picomatch@4.0.4:
    resolution: {integrity: sha512-QP88BAKvMam/3NxH6vj2o21R6MjxZUAd6nlwAS/pnGvN9IVLocLHxGYIzFhg6fUQ+5th6P4dv4eW9jX3DSIj7A==}
    engines: {node: '>=12'}

  prettier@3.8.1:
    resolution: {integrity: sha512-UOnG6LftzbdaHZcKoPFtOcCKztrQ57WkHDeRD9t/PTQtmT0NHSeWWepj6pS0z/N7+08BHFDQVUrfmfMRcZwbMg==}
    engines: {node: '>=14'}
    hasBin: true

  proc-log@6.1.0:
    resolution: {integrity: sha512-iG+GYldRf2BQ0UDUAd6JQ/RwzaQy6mXmsk/IzlYyal4A4SNFw54MeH4/tLkF4I5WoWG9SQwuqWzS99jaFQHBuQ==}
    engines: {node: ^20.17.0 || >=22.9.0}

  promised-timeout@0.2.0:
    resolution: {integrity: sha512-GIFMiDI53g37wjxeh510DgtMDnkawWem/RWBuJlCglaWgdCAUPYvkMX+zTj1nP3fDVmyrWGRthivWHX/TZ5IKw==}

  promised-timeout@0.5.1:
    resolution: {integrity: sha512-pil+5J1yOuH5jUp/Dk65OXGGOWLMSSQ00whNbQPbZXZTBlpr2a44hELj686WW6iB3cLiUALyeIQ2n3gpZiEK3w==}

  proxy-from-env@2.1.0:
    resolution: {integrity: sha512-cJ+oHTW1VAEa8cJslgmUZrc+sjRKgAKl3Zyse6+PV38hZe/V6Z14TbCuXcan9F9ghlz4QrFr2c92TNF82UkYHA==}
    engines: {node: '>=10'}

  punycode.js@2.3.1:
    resolution: {integrity: sha512-uxFIHU0YlHYhDQtV4R9J6a52SLx28BCjT+4ieh7IGbgwVJWO+km431c4yRlREUAsAmt/uMjQUyQHNEPf0M39CA==}
    engines: {node: '>=6'}

  punycode@2.3.1:
    resolution: {integrity: sha512-vYt7UD1U9Wg6138shLtLOvdAu+8DsC/ilFtEVHcH+wydcSpNE20AfSOduf6MkRFahL5FY7X1oU7nKVZFtfq8Fg==}
    engines: {node: '>=6'}

  railroad-diagrams@1.0.0:
    resolution: {integrity: sha512-cz93DjNeLY0idrCNOH6PviZGRN9GJhsdm9hpn1YCS879fj4W+x5IFJhhkRZcwVgMmFF7R82UA/7Oh+R8lLZg6A==}

  randexp@0.4.6:
    resolution: {integrity: sha512-80WNmd9DA0tmZrw9qQa62GPPWfuXJknrmVmLcxvq4uZBdYqb1wYoKTmnlGUchvVWe0XiLupYkBoXVOxz3C8DYQ==}
    engines: {node: '>=0.12'}

  re2@1.23.3:
    resolution: {integrity: sha512-5jh686rmj/8dYpBo72XYgwzgG8Y9HNDATYZ1x01gqZ6FvXVUP33VZ0+6GLCeavaNywz3OkXBU8iNX7LjiuisPg==}

  re2@1.24.0:
    resolution: {integrity: sha512-pBm6cMaOb0Yb0kg0Sfw/k4LwDMkPScb/NVd7GrEllDwfsPZstsZIo93A6Nn0wZuWJw3h57GdzkrOk81EofKY/g==}

  redis@5.11.0:
    resolution: {integrity: sha512-YwXjATVDT+AuxcyfOwZn046aml9jMlQPvU1VXIlLDVAExe0u93aTfPYSeRgG4p9Q/Jlkj+LXJ1XEoFV+j2JKcQ==}
    engines: {node: '>= 18'}

  resolve-from@4.0.0:
    resolution: {integrity: sha512-pb/MYmXstAkysRFx8piNI1tGFNQIFA3vkE3Gq4EuA1dF6gHp/+vgZqsCGJapvy8N3Q+4o7FwvquPJcnZ7RYy4g==}
    engines: {node: '>=4'}

  ret@0.1.15:
    resolution: {integrity: sha512-TTlYpa+OL+vMMNG24xSlQGEJ3B/RzEfUlLct7b5G/ytav+wPrplCpVMFuwzXbkecJrb6IYo1iFb0S9v37754mg==}
    engines: {node: '>=0.12'}

  safe-stringify@1.3.0:
    resolution: {integrity: sha512-gX28YjHEpEpgMeOFD4txJYhoQSNpRUK9AtY3X0R2XtG+AZBwubM5/O9+wKbhyWlTITGfQ3vifeuk/e1/FHWTIw==}
    engines: {node: '>=16'}

  safer-buffer@2.1.2:
    resolution: {integrity: sha512-YZo3K82SD7Riyi0E1EQPojLz7kpepnSQI9IyPbHHg1XXXevb5dJI7tpyN2ADxGcQbHG7vcyRHk0cbwqcQriUtg==}

  selderee@0.11.0:
    resolution: {integrity: sha512-5TF+l7p4+OsnP8BCCvSyZiSPc4x4//p5uPwK8TCnVPJYRmU2aYKMpOXvw8zM5a5JvuuCGN1jmsMwuU2W02ukfA==}

  semver@7.7.4:
    resolution: {integrity: sha512-vFKC2IEtQnVhpT78h1Yp8wzwrf8CM+MzKMHGJZfBtzhZNycRFnXsHk6E5TxIkkMsgNS7mdX3AGB7x2QM2di4lA==}
    engines: {node: '>=10'}
    hasBin: true

  smart-buffer@4.2.0:
    resolution: {integrity: sha512-94hK0Hh8rPqQl2xXc3HsaBoOXKV20MToPkcXvwbISWLEs+64sBq5kFgn2kJDHb1Pry9yrP0dxrCI9RRci7RXKg==}
    engines: {node: '>= 6.0.0', npm: '>= 3.0.0'}

  smtp-channel@0.2.3:
    resolution: {integrity: sha512-5PR7qW88Z6GcLfvgop6WpUMwNoJKKQY9CP8Gpk5INbSs3UtWqMgFYkTTMaynnbj+6e4D/L0JuagbuH3fjm4+Fw==}

  smtp-client@0.4.0:
    resolution: {integrity: sha512-TvxdX02b96hN6732TGkXcXHsaTeXgVMXjdAhYzz/pLGE6V1p/5jh1XYJa/PfE+O21jHLmwHYWVP3c7JNFWwmOg==}

  socks-proxy-agent@8.0.5:
    resolution: {integrity: sha512-HehCEsotFqbPW9sJ8WVYB6UbmIMv7kUUORIF2Nncq4VQvBfNBLibW9YZR5dlYCSUhwcD628pRllm7n+E+YTzJw==}
    engines: {node: '>= 14'}

  socks@2.8.7:
    resolution: {integrity: sha512-HLpt+uLy/pxB+bum/9DzAgiKS8CX1EvbWxI4zlmgGCExImLdiad2iCwXT5Z4c9c3Eq8rP2318mPW2c+QbtjK8A==}
    engines: {node: '>= 10.0.0', npm: '>= 3.0.0'}

  ssri@13.0.1:
    resolution: {integrity: sha512-QUiRf1+u9wPTL/76GTYlKttDEBWV1ga9ZXW8BG6kfdeyyM8LGPix9gROyg9V2+P0xNyF3X2Go526xKFdMZrHSQ==}
    engines: {node: ^20.17.0 || >=22.9.0}

  strip-json-comments@3.1.1:
    resolution: {integrity: sha512-6fPc+R4ihwqP6N/aIv2f1gMH8lOVtWQHoqC4yK6oSDVVocumAsfCqjkXnqiYMhmMwS/mEHLp7Vehlt3ql6lEig==}
    engines: {node: '>=8'}

  tar@7.5.13:
    resolution: {integrity: sha512-tOG/7GyXpFevhXVh8jOPJrmtRpOTsYqUIkVdVooZYJS/z8WhfQUX8RJILmeuJNinGAMSu1veBr4asSHFt5/hng==}
    engines: {node: '>=18'}

  tinyglobby@0.2.15:
    resolution: {integrity: sha512-j2Zq4NyQYG5XMST4cbs02Ak8iJUdxRM0XI5QyxXuZOzKOINmWurp3smXu3y5wDcJrptwpSjgXHzIQxR0omXljQ==}
    engines: {node: '>=12.0.0'}

  tlds@1.261.0:
    resolution: {integrity: sha512-QXqwfEl9ddlGBaRFXIvNKK6OhipSiLXuRuLJX5DErz0o0Q0rYxulWLdFryTkV5PkdZct5iMInwYEGe/eR++1AA==}
    hasBin: true

  uc.micro@2.1.0:
    resolution: {integrity: sha512-ARDJmphmdvUk6Glw7y9DQ2bFkKBHwQHLi2lsaH6PPmz/Ka9sFOBsBluozhDltWmnv9u/cF6Rt87znRTPV+yp/A==}

  uri-js@4.4.1:
    resolution: {integrity: sha512-7rKUyy33Q1yc98pQ1DAmLtwX109F7TIfWlW1Ydo8Wl1ii1SeHieeh0HHfPeL2fMXK6z0s8ecKs9frCuLJvndBg==}

  which@6.0.1:
    resolution: {integrity: sha512-oGLe46MIrCRqX7ytPUf66EAYvdeMIZYn3WaocqqKZAxrBpkqHfL/qvTyJ/bTk5+AqHCjXmrv3CEWgy368zhRUg==}
    engines: {node: ^20.17.0 || >=22.9.0}
    hasBin: true

  yallist@4.0.0:
    resolution: {integrity: sha512-3wdGidZyq5PB084XLES5TpOSRA3wjXAlIWMhum2kRcv/41Sn2emQ0dycQW4uZXLejwKvg6EsvbdlVL+FYEct7A==}

  yallist@5.0.0:
    resolution: {integrity: sha512-YgvUTfwqyc7UXVMrB+SImsVYSmTS8X/tSrtdNZMImM+n7+QTriRXyXim0mBrTXNeqzVF0KWGgHPeiyViFFrNDw==}
    engines: {node: '>=18'}

  yaml@2.8.3:
    resolution: {integrity: sha512-AvbaCLOO2Otw/lW5bmh9d/WEdcDFdQp2Z2ZUH3pX9U2ihyUY0nvLv7J6TrWowklRGPYbB/IuIMfYgxaCPg5Bpg==}
    engines: {node: '>= 14.6'}
    hasBin: true

snapshots:

  '@eslint/eslintrc@3.3.5':
    dependencies:
      ajv: 6.14.0
      debug: 4.4.3
      espree: 10.4.0
      globals: 14.0.0
      ignore: 5.3.2
      import-fresh: 3.3.1
      js-yaml: 4.1.1
      minimatch: 3.1.5
      strip-json-comments: 3.1.1
    transitivePeerDependencies:
      - supports-color

  '@eslint/js@10.0.1': {}

  '@gar/promise-retry@1.0.3': {}

  '@haraka/eslint-config@2.0.4(@eslint/eslintrc@3.3.5)(@eslint/js@10.0.1)':
    dependencies:
      '@eslint/eslintrc': 3.3.5
      '@eslint/js': 10.0.1

  '@isaacs/fs-minipass@4.0.1':
    dependencies:
      minipass: 7.1.3

  '@npmcli/agent@4.0.0':
    dependencies:
      agent-base: 7.1.4
      http-proxy-agent: 7.0.2
      https-proxy-agent: 7.0.6
      lru-cache: 11.2.7
      socks-proxy-agent: 8.0.5
    transitivePeerDependencies:
      - supports-color

  '@npmcli/fs@5.0.0':
    dependencies:
      semver: 7.7.4

  '@npmcli/redact@4.0.0': {}

  '@redis/bloom@5.11.0(@redis/client@5.11.0)':
    dependencies:
      '@redis/client': 5.11.0
    optional: true

  '@redis/client@5.11.0':
    dependencies:
      cluster-key-slot: 1.1.2
    optional: true

  '@redis/json@5.11.0(@redis/client@5.11.0)':
    dependencies:
      '@redis/client': 5.11.0
    optional: true

  '@redis/search@5.11.0(@redis/client@5.11.0)':
    dependencies:
      '@redis/client': 5.11.0
    optional: true

  '@redis/time-series@5.11.0(@redis/client@5.11.0)':
    dependencies:
      '@redis/client': 5.11.0
    optional: true

  '@selderee/plugin-htmlparser2@0.11.0':
    dependencies:
      domhandler: 5.0.3
      selderee: 0.11.0

  '@zone-eu/mailsplit@5.4.8':
    dependencies:
      libbase64: 1.3.0
      libmime: 5.3.7
      libqp: 2.1.1

  abbrev@4.0.0: {}

  acorn-jsx@5.3.2(acorn@8.16.0):
    dependencies:
      acorn: 8.16.0

  acorn@8.16.0: {}

  address-rfc2821@2.1.5:
    dependencies:
      nearley: 2.20.1
      punycode: 2.3.1

  agent-base@7.1.4: {}

  ajv@6.14.0:
    dependencies:
      fast-deep-equal: 3.1.3
      fast-json-stable-stringify: 2.1.0
      json-schema-traverse: 0.4.1
      uri-js: 4.4.1

  argparse@2.0.1: {}

  asynckit@0.4.0: {}

  axios@1.14.0:
    dependencies:
      follow-redirects: 1.15.11
      form-data: 4.0.5
      proxy-from-env: 2.1.0
    transitivePeerDependencies:
      - debug

  balanced-match@1.0.2: {}

  balanced-match@4.0.4: {}

  brace-expansion@1.1.13:
    dependencies:
      balanced-match: 1.0.2
      concat-map: 0.0.1

  brace-expansion@5.0.5:
    dependencies:
      balanced-match: 4.0.4

  cacache@20.0.4:
    dependencies:
      '@npmcli/fs': 5.0.0
      fs-minipass: 3.0.3
      glob: 13.0.6
      lru-cache: 11.2.7
      minipass: 7.1.3
      minipass-collect: 2.0.1
      minipass-flush: 1.0.7
      minipass-pipeline: 1.2.4
      p-map: 7.0.4
      ssri: 13.0.1

  call-bind-apply-helpers@1.0.2:
    dependencies:
      es-errors: 1.3.0
      function-bind: 1.1.2

  callsites@3.1.0: {}

  chownr@3.0.0: {}

  cluster-key-slot@1.1.2:
    optional: true

  combined-stream@1.0.8:
    dependencies:
      delayed-stream: 1.0.0

  commander@2.20.3: {}

  concat-map@0.0.1: {}

  debug@4.4.3:
    dependencies:
      ms: 2.1.3

  deepmerge@4.3.1: {}

  delayed-stream@1.0.0: {}

  discontinuous-range@1.0.0: {}

  dom-serializer@2.0.0:
    dependencies:
      domelementtype: 2.3.0
      domhandler: 5.0.3
      entities: 4.5.0

  domelementtype@2.3.0: {}

  domhandler@5.0.3:
    dependencies:
      domelementtype: 2.3.0

  domutils@3.2.2:
    dependencies:
      dom-serializer: 2.0.0
      domelementtype: 2.3.0
      domhandler: 5.0.3

  dunder-proto@1.0.1:
    dependencies:
      call-bind-apply-helpers: 1.0.2
      es-errors: 1.3.0
      gopd: 1.2.0

  email-forward-parser@https://codeload.github.com/dspangenberg/email-forward-parser/tar.gz/95616654c0557e93b29897d640775332ef8868e8:
    dependencies:
      re2: 1.23.3
    transitivePeerDependencies:
      - supports-color

  email-reply-parser@https://codeload.github.com/dspangenberg/email-reply-parser/tar.gz/da7cd3ebc7c9ec4f29d19b2ed0d4aa18efb5b5a4(re2@1.24.0):
    optionalDependencies:
      re2: 1.24.0

  encoding-japanese@2.2.0: {}

  entities@4.5.0: {}

  env-paths@2.2.1: {}

  es-define-property@1.0.1: {}

  es-errors@1.3.0: {}

  es-object-atoms@1.1.1:
    dependencies:
      es-errors: 1.3.0

  es-set-tostringtag@2.1.0:
    dependencies:
      es-errors: 1.3.0
      get-intrinsic: 1.3.0
      has-tostringtag: 1.0.2
      hasown: 2.0.2

  eslint-visitor-keys@4.2.1: {}

  espree@10.4.0:
    dependencies:
      acorn: 8.16.0
      acorn-jsx: 5.3.2(acorn@8.16.0)
      eslint-visitor-keys: 4.2.1

  exponential-backoff@3.1.3: {}

  fast-deep-equal@3.1.3: {}

  fast-json-stable-stringify@2.1.0: {}

  fdir@6.5.0(picomatch@4.0.4):
    optionalDependencies:
      picomatch: 4.0.4

  follow-redirects@1.15.11: {}

  form-data@4.0.5:
    dependencies:
      asynckit: 0.4.0
      combined-stream: 1.0.8
      es-set-tostringtag: 2.1.0
      hasown: 2.0.2
      mime-types: 2.1.35

  fs-minipass@3.0.3:
    dependencies:
      minipass: 7.1.3

  function-bind@1.1.2: {}

  get-intrinsic@1.3.0:
    dependencies:
      call-bind-apply-helpers: 1.0.2
      es-define-property: 1.0.1
      es-errors: 1.3.0
      es-object-atoms: 1.1.1
      function-bind: 1.1.2
      get-proto: 1.0.1
      gopd: 1.2.0
      has-symbols: 1.1.0
      hasown: 2.0.2
      math-intrinsics: 1.1.0

  get-proto@1.0.1:
    dependencies:
      dunder-proto: 1.0.1
      es-object-atoms: 1.1.1

  glob@13.0.6:
    dependencies:
      minimatch: 10.2.5
      minipass: 7.1.3
      path-scurry: 2.0.2

  globals@14.0.0: {}

  globals@17.4.0: {}

  gopd@1.2.0: {}

  graceful-fs@4.2.11: {}

  haraka-config@1.5.0:
    dependencies:
      yaml: 2.8.3
    optionalDependencies:
      hjson: 3.2.2

  haraka-constants@1.0.7: {}

  haraka-dsn@1.1.0: {}

  haraka-email-message@1.3.0:
    dependencies:
      haraka-config: 1.5.0
      haraka-message-stream: 1.3.3
      iconv-lite: 0.7.2
      libmime: 5.3.7
      libqp: 2.1.1

  haraka-message-stream@1.3.3: {}

  haraka-notes@1.1.1: {}

  haraka-results@2.3.0:
    dependencies:
      haraka-config: 1.5.0
    optionalDependencies:
      redis: 5.11.0
    transitivePeerDependencies:
      - '@node-rs/xxhash'

  haraka-test-fixtures@1.4.1:
    dependencies:
      address-rfc2821: 2.1.5
      haraka-config: 1.5.0
      haraka-constants: 1.0.7
      haraka-email-message: 1.3.0
      haraka-notes: 1.1.1
      haraka-results: 2.3.0
      haraka-utils: 1.1.4
      ipaddr.js: 2.3.0
    transitivePeerDependencies:
      - '@node-rs/xxhash'

  haraka-utils@1.1.4: {}

  has-symbols@1.1.0: {}

  has-tostringtag@1.0.2:
    dependencies:
      has-symbols: 1.1.0

  hasown@2.0.2:
    dependencies:
      function-bind: 1.1.2

  he@1.2.0: {}

  hjson@3.2.2:
    optional: true

  html-to-text@9.0.5:
    dependencies:
      '@selderee/plugin-htmlparser2': 0.11.0
      deepmerge: 4.3.1
      dom-serializer: 2.0.0
      htmlparser2: 8.0.2
      selderee: 0.11.0

  htmlparser2@8.0.2:
    dependencies:
      domelementtype: 2.3.0
      domhandler: 5.0.3
      domutils: 3.2.2
      entities: 4.5.0

  http-cache-semantics@4.2.0: {}

  http-proxy-agent@7.0.2:
    dependencies:
      agent-base: 7.1.4
      debug: 4.4.3
    transitivePeerDependencies:
      - supports-color

  https-proxy-agent@7.0.6:
    dependencies:
      agent-base: 7.1.4
      debug: 4.4.3
    transitivePeerDependencies:
      - supports-color

  iconv-lite@0.6.3:
    dependencies:
      safer-buffer: 2.1.2

  iconv-lite@0.7.2:
    dependencies:
      safer-buffer: 2.1.2

  ignore@5.3.2: {}

  import-fresh@3.3.1:
    dependencies:
      parent-module: 1.0.1
      resolve-from: 4.0.0

  install-artifact-from-github@1.4.0: {}

  ip-address@10.1.0: {}

  ipaddr.js@2.3.0: {}

  isexe@4.0.0: {}

  js-yaml@4.1.1:
    dependencies:
      argparse: 2.0.1

  json-schema-traverse@0.4.1: {}

  leac@0.6.0: {}

  libbase64@1.3.0: {}

  libmime@5.3.7:
    dependencies:
      encoding-japanese: 2.2.0
      iconv-lite: 0.6.3
      libbase64: 1.3.0
      libqp: 2.1.1

  libqp@2.1.1: {}

  line-buffer@0.1.4: {}

  linkify-it@5.0.0:
    dependencies:
      uc.micro: 2.1.0

  lru-cache@11.2.7: {}

  mailparser@3.9.6:
    dependencies:
      '@zone-eu/mailsplit': 5.4.8
      encoding-japanese: 2.2.0
      he: 1.2.0
      html-to-text: 9.0.5
      iconv-lite: 0.7.2
      libmime: 5.3.7
      linkify-it: 5.0.0
      nodemailer: 8.0.4
      punycode.js: 2.3.1
      tlds: 1.261.0

  make-fetch-happen@15.0.5:
    dependencies:
      '@gar/promise-retry': 1.0.3
      '@npmcli/agent': 4.0.0
      '@npmcli/redact': 4.0.0
      cacache: 20.0.4
      http-cache-semantics: 4.2.0
      minipass: 7.1.3
      minipass-fetch: 5.0.2
      minipass-flush: 1.0.7
      minipass-pipeline: 1.2.4
      negotiator: 1.0.0
      proc-log: 6.1.0
      ssri: 13.0.1
    transitivePeerDependencies:
      - supports-color

  math-intrinsics@1.1.0: {}

  mime-db@1.52.0: {}

  mime-types@2.1.35:
    dependencies:
      mime-db: 1.52.0

  minimatch@10.2.5:
    dependencies:
      brace-expansion: 5.0.5

  minimatch@3.1.5:
    dependencies:
      brace-expansion: 1.1.13

  minipass-collect@2.0.1:
    dependencies:
      minipass: 7.1.3

  minipass-fetch@5.0.2:
    dependencies:
      minipass: 7.1.3
      minipass-sized: 2.0.0
      minizlib: 3.1.0
    optionalDependencies:
      iconv-lite: 0.7.2

  minipass-flush@1.0.7:
    dependencies:
      minipass: 3.3.6

  minipass-pipeline@1.2.4:
    dependencies:
      minipass: 3.3.6

  minipass-sized@2.0.0:
    dependencies:
      minipass: 7.1.3

  minipass@3.3.6:
    dependencies:
      yallist: 4.0.0

  minipass@7.1.3: {}

  minizlib@3.1.0:
    dependencies:
      minipass: 7.1.3

  moo@0.5.3: {}

  ms@2.1.3: {}

  nan@2.26.2: {}

  nearley@2.20.1:
    dependencies:
      commander: 2.20.3
      moo: 0.5.3
      railroad-diagrams: 1.0.0
      randexp: 0.4.6

  negotiator@1.0.0: {}

  node-gyp@12.2.0:
    dependencies:
      env-paths: 2.2.1
      exponential-backoff: 3.1.3
      graceful-fs: 4.2.11
      make-fetch-happen: 15.0.5
      nopt: 9.0.0
      proc-log: 6.1.0
      semver: 7.7.4
      tar: 7.5.13
      tinyglobby: 0.2.15
      which: 6.0.1
    transitivePeerDependencies:
      - supports-color

  nodemailer@8.0.4: {}

  nopt@9.0.0:
    dependencies:
      abbrev: 4.0.0

  p-map@7.0.4: {}

  parent-module@1.0.1:
    dependencies:
      callsites: 3.1.0

  parseley@0.12.1:
    dependencies:
      leac: 0.6.0
      peberminta: 0.9.0

  path-scurry@2.0.2:
    dependencies:
      lru-cache: 11.2.7
      minipass: 7.1.3

  peberminta@0.9.0: {}

  picomatch@4.0.4: {}

  prettier@3.8.1: {}

  proc-log@6.1.0: {}

  promised-timeout@0.2.0: {}

  promised-timeout@0.5.1: {}

  proxy-from-env@2.1.0: {}

  punycode.js@2.3.1: {}

  punycode@2.3.1: {}

  railroad-diagrams@1.0.0: {}

  randexp@0.4.6:
    dependencies:
      discontinuous-range: 1.0.0
      ret: 0.1.15

  re2@1.23.3:
    dependencies:
      install-artifact-from-github: 1.4.0
      nan: 2.26.2
      node-gyp: 12.2.0
    transitivePeerDependencies:
      - supports-color

  re2@1.24.0:
    dependencies:
      install-artifact-from-github: 1.4.0
      nan: 2.26.2
      node-gyp: 12.2.0
    transitivePeerDependencies:
      - supports-color

  redis@5.11.0:
    dependencies:
      '@redis/bloom': 5.11.0(@redis/client@5.11.0)
      '@redis/client': 5.11.0
      '@redis/json': 5.11.0(@redis/client@5.11.0)
      '@redis/search': 5.11.0(@redis/client@5.11.0)
      '@redis/time-series': 5.11.0(@redis/client@5.11.0)
    transitivePeerDependencies:
      - '@node-rs/xxhash'
    optional: true

  resolve-from@4.0.0: {}

  ret@0.1.15: {}

  safe-stringify@1.3.0: {}

  safer-buffer@2.1.2: {}

  selderee@0.11.0:
    dependencies:
      parseley: 0.12.1

  semver@7.7.4: {}

  smart-buffer@4.2.0: {}

  smtp-channel@0.2.3:
    dependencies:
      line-buffer: 0.1.4
      promised-timeout: 0.2.0

  smtp-client@0.4.0:
    dependencies:
      promised-timeout: 0.5.1
      smtp-channel: 0.2.3

  socks-proxy-agent@8.0.5:
    dependencies:
      agent-base: 7.1.4
      debug: 4.4.3
      socks: 2.8.7
    transitivePeerDependencies:
      - supports-color

  socks@2.8.7:
    dependencies:
      ip-address: 10.1.0
      smart-buffer: 4.2.0

  ssri@13.0.1:
    dependencies:
      minipass: 7.1.3

  strip-json-comments@3.1.1: {}

  tar@7.5.13:
    dependencies:
      '@isaacs/fs-minipass': 4.0.1
      chownr: 3.0.0
      minipass: 7.1.3
      minizlib: 3.1.0
      yallist: 5.0.0

  tinyglobby@0.2.15:
    dependencies:
      fdir: 6.5.0(picomatch@4.0.4)
      picomatch: 4.0.4

  tlds@1.261.0: {}

  uc.micro@2.1.0: {}

  uri-js@4.4.1:
    dependencies:
      punycode: 2.3.1

  which@6.0.1:
    dependencies:
      isexe: 4.0.0

  yallist@4.0.0: {}

  yallist@5.0.0: {}

  yaml@2.8.3: {}
